// !$*UTF8*$!
{
	archiveVersion = 1;
	classes = {
	};
	objectVersion = 50;
	objects = {

/* Begin PBXBuildFile section */
		DBD1436A26C0051900A39F8E /* AppDelegate.swift in Sources */ = {isa = PBXBuildFile; fileRef = DBD1436926C0051900A39F8E /* AppDelegate.swift */; };
		DBD1436C26C0051900A39F8E /* SceneDelegate.swift in Sources */ = {isa = PBXBuildFile; fileRef = DBD1436B26C0051900A39F8E /* SceneDelegate.swift */; };
		DBD1436E26C0051900A39F8E /* CalendarViewController.swift in Sources */ = {isa = PBXBuildFile; fileRef = DBD1436D26C0051900A39F8E /* CalendarViewController.swift */; };
		DBD1437326C0051A00A39F8E /* Assets.xcassets in Resources */ = {isa = PBXBuildFile; fileRef = DBD1437226C0051A00A39F8E /* Assets.xcassets */; };
		DBD1437626C0051A00A39F8E /* LaunchScreen.storyboard in Resources */ = {isa = PBXBuildFile; fileRef = DBD1437426C0051A00A39F8E /* LaunchScreen.storyboard */; };
		DBD1437F26C0052700A39F8E /* Date+.swift in Sources */ = {isa = PBXBuildFile; fileRef = DBD1437E26C0052700A39F8E /* Date+.swift */; };
		DBD1438426C005C100A39F8E /* CalendarCell.swift in Sources */ = {isa = PBXBuildFile; fileRef = DBD1438126C005C100A39F8E /* CalendarCell.swift */; };
		DBD1438526C005C100A39F8E /* CalendarView.swift in Sources */ = {isa = PBXBuildFile; fileRef = DBD1438226C005C100A39F8E /* CalendarView.swift */; };
		DBD1438626C005C100A39F8E /* WeekView.swift in Sources */ = {isa = PBXBuildFile; fileRef = DBD1438326C005C100A39F8E /* WeekView.swift */; };
		DBD1438A26C005FE00A39F8E /* CalendarType.swift in Sources */ = {isa = PBXBuildFile; fileRef = DBD1438826C005FE00A39F8E /* CalendarType.swift */; };
		DBD1438B26C005FE00A39F8E /* CalendarStartWeekDay.swift in Sources */ = {isa = PBXBuildFile; fileRef = DBD1438926C005FE00A39F8E /* CalendarStartWeekDay.swift */; };
		DBD1438D26C0061900A39F8E /* UIView+.swift in Sources */ = {isa = PBXBuildFile; fileRef = DBD1438C26C0061900A39F8E /* UIView+.swift */; };
/* End PBXBuildFile section */

/* Begin PBXFileReference section */
		DBD1436626C0051900A39F8E /* CalendarView.app */ = {isa = PBXFileReference; explicitFileType = wrapper.application; includeInIndex = 0; path = CalendarView.app; sourceTree = BUILT_PRODUCTS_DIR; };
		DBD1436926C0051900A39F8E /* AppDelegate.swift */ = {isa = PBXFileReference; lastKnownFileType = sourcecode.swift; path = AppDelegate.swift; sourceTree = "<group>"; };
		DBD1436B26C0051900A39F8E /* SceneDelegate.swift */ = {isa = PBXFileReference; lastKnownFileType = sourcecode.swift; path = SceneDelegate.swift; sourceTree = "<group>"; };
		DBD1436D26C0051900A39F8E /* CalendarViewController.swift */ = {isa = PBXFileReference; lastKnownFileType = sourcecode.swift; path = CalendarViewController.swift; sourceTree = "<group>"; };
		DBD1437226C0051A00A39F8E /* Assets.xcassets */ = {isa = PBXFileReference; lastKnownFileType = folder.assetcatalog; path = Assets.xcassets; sourceTree = "<group>"; };
		DBD1437526C0051A00A39F8E /* Base */ = {isa = PBXFileReference; lastKnownFileType = file.storyboard; name = Base; path = Base.lproj/LaunchScreen.storyboard; sourceTree = "<group>"; };
		DBD1437726C0051A00A39F8E /* Info.plist */ = {isa = PBXFileReference; lastKnownFileType = text.plist.xml; name = Info.plist; path = CalendarView/SupportingFiles/Info.plist; sourceTree = SOURCE_ROOT; };
		DBD1437E26C0052700A39F8E /* Date+.swift */ = {isa = PBXFileReference; lastKnownFileType = sourcecode.swift; path = "Date+.swift"; sourceTree = "<group>"; };
		DBD1438126C005C100A39F8E /* CalendarCell.swift */ = {isa = PBXFileReference; fileEncoding = 4; lastKnownFileType = sourcecode.swift; path = CalendarCell.swift; sourceTree = "<group>"; };
		DBD1438226C005C100A39F8E /* CalendarView.swift */ = {isa = PBXFileReference; fileEncoding = 4; lastKnownFileType = sourcecode.swift; path = CalendarView.swift; sourceTree = "<group>"; };
		DBD1438326C005C100A39F8E /* WeekView.swift */ = {isa = PBXFileReference; fileEncoding = 4; lastKnownFileType = sourcecode.swift; path = WeekView.swift; sourceTree = "<group>"; };
		DBD1438826C005FE00A39F8E /* CalendarType.swift */ = {isa = PBXFileReference; fileEncoding = 4; lastKnownFileType = sourcecode.swift; path = CalendarType.swift; sourceTree = "<group>"; };
		DBD1438926C005FE00A39F8E /* CalendarStartWeekDay.swift */ = {isa = PBXFileReference; fileEncoding = 4; lastKnownFileType = sourcecode.swift; path = CalendarStartWeekDay.swift; sourceTree = "<group>"; };
		DBD1438C26C0061900A39F8E /* UIView+.swift */ = {isa = PBXFileReference; lastKnownFileType = sourcecode.swift; path = "UIView+.swift"; sourceTree = "<group>"; };
/* End PBXFileReference section */

/* Begin PBXFrameworksBuildPhase section */
		DBD1436326C0051900A39F8E /* Frameworks */ = {
			isa = PBXFrameworksBuildPhase;
			buildActionMask = 2147483647;
			files = (
			);
			runOnlyForDeploymentPostprocessing = 0;
		};
/* End PBXFrameworksBuildPhase section */

/* Begin PBXGroup section */
		DBD1435D26C0051900A39F8E = {
			isa = PBXGroup;
			children = (
				DBD1436826C0051900A39F8E /* CalendarView */,
				DBD1436726C0051900A39F8E /* Products */,
			);
			sourceTree = "<group>";
		};
		DBD1436726C0051900A39F8E /* Products */ = {
			isa = PBXGroup;
			children = (
				DBD1436626C0051900A39F8E /* CalendarView.app */,
			);
			name = Products;
			sourceTree = "<group>";
		};
		DBD1436826C0051900A39F8E /* CalendarView */ = {
			isa = PBXGroup;
			children = (
				DBD1437D26C0052000A39F8E /* Extension */,
				DBD1438726C005E800A39F8E /* Model */,
				DBD1438E26C006E100A39F8E /* SupportingFiles */,
				DBD1438026C0059400A39F8E /* View */,
				DBD1438F26C006F700A39F8E /* ViewController */,
			);
			path = CalendarView;
			sourceTree = "<group>";
		};
		DBD1437D26C0052000A39F8E /* Extension */ = {
			isa = PBXGroup;
			children = (
				DBD1437E26C0052700A39F8E /* Date+.swift */,
				DBD1438C26C0061900A39F8E /* UIView+.swift */,
			);
			path = Extension;
			sourceTree = "<group>";
		};
		DBD1438026C0059400A39F8E /* View */ = {
			isa = PBXGroup;
			children = (
				DBD1438126C005C100A39F8E /* CalendarCell.swift */,
				DBD1438226C005C100A39F8E /* CalendarView.swift */,
				DBD1438326C005C100A39F8E /* WeekView.swift */,
			);
			path = View;
			sourceTree = "<group>";
		};
		DBD1438726C005E800A39F8E /* Model */ = {
			isa = PBXGroup;
			children = (
				DBD1438926C005FE00A39F8E /* CalendarStartWeekDay.swift */,
				DBD1438826C005FE00A39F8E /* CalendarType.swift */,
			);
			path = Model;
			sourceTree = "<group>";
		};
		DBD1438E26C006E100A39F8E /* SupportingFiles */ = {
			isa = PBXGroup;
			children = (
				DBD1436B26C0051900A39F8E /* SceneDelegate.swift */,
				DBD1436926C0051900A39F8E /* AppDelegate.swift */,
				DBD1437226C0051A00A39F8E /* Assets.xcassets */,
				DBD1437426C0051A00A39F8E /* LaunchScreen.storyboard */,
				DBD1437726C0051A00A39F8E /* Info.plist */,
			);
			path = SupportingFiles;
			sourceTree = "<group>";
		};
		DBD1438F26C006F700A39F8E /* ViewController */ = {
			isa = PBXGroup;
			children = (
				DBD1436D26C0051900A39F8E /* CalendarViewController.swift */,
			);
			path = ViewController;
			sourceTree = "<group>";
		};
/* End PBXGroup section */

/* Begin PBXNativeTarget section */
		DBD1436526C0051900A39F8E /* CalendarView */ = {
			isa = PBXNativeTarget;
			buildConfigurationList = DBD1437A26C0051A00A39F8E /* Build configuration list for PBXNativeTarget "CalendarView" */;
			buildPhases = (
				DBD1436226C0051900A39F8E /* Sources */,
				DBD1436326C0051900A39F8E /* Frameworks */,
				DBD1436426C0051900A39F8E /* Resources */,
			);
			buildRules = (
			);
			dependencies = (
			);
			name = CalendarView;
			productName = CalendarView;
			productReference = DBD1436626C0051900A39F8E /* CalendarView.app */;
			productType = "com.apple.product-type.application";
		};
/* End PBXNativeTarget section */

/* Begin PBXProject section */
		DBD1435E26C0051900A39F8E /* Project object */ = {
			isa = PBXProject;
			attributes = {
				LastSwiftUpdateCheck = 1250;
				LastUpgradeCheck = 1250;
				TargetAttributes = {
					DBD1436526C0051900A39F8E = {
						CreatedOnToolsVersion = 12.5.1;
					};
				};
			};
			buildConfigurationList = DBD1436126C0051900A39F8E /* Build configuration list for PBXProject "CalendarView" */;
			compatibilityVersion = "Xcode 9.3";
			developmentRegion = en;
			hasScannedForEncodings = 0;
			knownRegions = (
				en,
				Base,
			);
			mainGroup = DBD1435D26C0051900A39F8E;
			productRefGroup = DBD1436726C0051900A39F8E /* Products */;
			projectDirPath = "";
			projectRoot = "";
			targets = (
				DBD1436526C0051900A39F8E /* CalendarView */,
			);
		};
/* End PBXProject section */

/* Begin PBXResourcesBuildPhase section */
		DBD1436426C0051900A39F8E /* Resources */ = {
			isa = PBXResourcesBuildPhase;
			buildActionMask = 2147483647;
			files = (
				DBD1437626C0051A00A39F8E /* LaunchScreen.storyboard in Resources */,
				DBD1437326C0051A00A39F8E /* Assets.xcassets in Resources */,
			);
			runOnlyForDeploymentPostprocessing = 0;
		};
/* End PBXResourcesBuildPhase section */

/* Begin PBXSourcesBuildPhase section */
		DBD1436226C0051900A39F8E /* Sources */ = {
			isa = PBXSourcesBuildPhase;
			buildActionMask = 2147483647;
			files = (
				DBD1436E26C0051900A39F8E /* CalendarViewController.swift in Sources */,
				DBD1438A26C005FE00A39F8E /* CalendarType.swift in Sources */,
				DBD1436A26C0051900A39F8E /* AppDelegate.swift in Sources */,
				DBD1438526C005C100A39F8E /* CalendarView.swift in Sources */,
				DBD1438D26C0061900A39F8E /* UIView+.swift in Sources */,
				DBD1438626C005C100A39F8E /* WeekView.swift in Sources */,
				DBD1436C26C0051900A39F8E /* SceneDelegate.swift in Sources */,
				DBD1438B26C005FE00A39F8E /* CalendarStartWeekDay.swift in Sources */,
				DBD1437F26C0052700A39F8E /* Date+.swift in Sources */,
				DBD1438426C005C100A39F8E /* CalendarCell.swift in Sources */,
			);
			runOnlyForDeploymentPostprocessing = 0;
		};
/* End PBXSourcesBuildPhase section */

/* Begin PBXVariantGroup section */
		DBD1437426C0051A00A39F8E /* LaunchScreen.storyboard */ = {
			isa = PBXVariantGroup;
			children = (
				DBD1437526C0051A00A39F8E /* Base */,
			);
			name = LaunchScreen.storyboard;
			sourceTree = "<group>";
		};
/* End PBXVariantGroup section */

/* Begin XCBuildConfiguration section */
		DBD1437826C0051A00A39F8E /* Debug */ = {
			isa = XCBuildConfiguration;
			buildSettings = {
				ALWAYS_SEARCH_USER_PATHS = NO;
				CLANG_ANALYZER_NONNULL = YES;
				CLANG_ANALYZER_NUMBER_OBJECT_CONVERSION = YES_AGGRESSIVE;
				CLANG_CXX_LANGUAGE_STANDARD = "gnu++14";
				CLANG_CXX_LIBRARY = "libc++";
				CLANG_ENABLE_MODULES = YES;
				CLANG_ENABLE_OBJC_ARC = YES;
				CLANG_ENABLE_OBJC_WEAK = YES;
				CLANG_WARN_BLOCK_CAPTURE_AUTORELEASING = YES;
				CLANG_WARN_BOOL_CONVERSION = YES;
				CLANG_WARN_COMMA = YES;
				CLANG_WARN_CONSTANT_CONVERSION = YES;
				CLANG_WARN_DEPRECATED_OBJC_IMPLEMENTATIONS = YES;
				CLANG_WARN_DIRECT_OBJC_ISA_USAGE = YES_ERROR;
				CLANG_WARN_DOCUMENTATION_COMMENTS = YES;
				CLANG_WARN_EMPTY_BODY = YES;
				CLANG_WARN_ENUM_CONVERSION = YES;
				CLANG_WARN_INFINITE_RECURSION = YES;
				CLANG_WARN_INT_CONVERSION = YES;
				CLANG_WARN_NON_LITERAL_NULL_CONVERSION = YES;
				CLANG_WARN_OBJC_IMPLICIT_RETAIN_SELF = YES;
				CLANG_WARN_OBJC_LITERAL_CONVERSION = YES;
				CLANG_WARN_OBJC_ROOT_CLASS = YES_ERROR;
				CLANG_WARN_QUOTED_INCLUDE_IN_FRAMEWORK_HEADER = YES;
				CLANG_WARN_RANGE_LOOP_ANALYSIS = YES;
				CLANG_WARN_STRICT_PROTOTYPES = YES;
				CLANG_WARN_SUSPICIOUS_MOVE = YES;
				CLANG_WARN_UNGUARDED_AVAILABILITY = YES_AGGRESSIVE;
				CLANG_WARN_UNREACHABLE_CODE = YES;
				CLANG_WARN__DUPLICATE_METHOD_MATCH = YES;
				COPY_PHASE_STRIP = NO;
				DEBUG_INFORMATION_FORMAT = dwarf;
				ENABLE_STRICT_OBJC_MSGSEND = YES;
				ENABLE_TESTABILITY = YES;
				GCC_C_LANGUAGE_STANDARD = gnu11;
				GCC_DYNAMIC_NO_PIC = NO;
				GCC_NO_COMMON_BLOCKS = YES;
				GCC_OPTIMIZATION_LEVEL = 0;
				GCC_PREPROCESSOR_DEFINITIONS = (
					"DEBUG=1",
					"$(inherited)",
				);
				GCC_WARN_64_TO_32_BIT_CONVERSION = YES;
				GCC_WARN_ABOUT_RETURN_TYPE = YES_ERROR;
				GCC_WARN_UNDECLARED_SELECTOR = YES;
				GCC_WARN_UNINITIALIZED_AUTOS = YES_AGGRESSIVE;
				GCC_WARN_UNUSED_FUNCTION = YES;
				GCC_WARN_UNUSED_VARIABLE = YES;
				IPHONEOS_DEPLOYMENT_TARGET = 13.0;
				MTL_ENABLE_DEBUG_INFO = INCLUDE_SOURCE;
				MTL_FAST_MATH = YES;
				ONLY_ACTIVE_ARCH = YES;
				SDKROOT = iphoneos;
				SWIFT_ACTIVE_COMPILATION_CONDITIONS = DEBUG;
				SWIFT_OPTIMIZATION_LEVEL = "-Onone";
			};
			name = Debug;
		};
		DBD1437926C0051A00A39F8E /* Release */ = {
			isa = XCBuildConfiguration;
			buildSettings = {
				ALWAYS_SEARCH_USER_PATHS = NO;
				CLANG_ANALYZER_NONNULL = YES;
				CLANG_ANALYZER_NUMBER_OBJECT_CONVERSION = YES_AGGRESSIVE;
				CLANG_CXX_LANGUAGE_STANDARD = "gnu++14";
				CLANG_CXX_LIBRARY = "libc++";
				CLANG_ENABLE_MODULES = YES;
				CLANG_ENABLE_OBJC_ARC = YES;
				CLANG_ENABLE_OBJC_WEAK = YES;
				CLANG_WARN_BLOCK_CAPTURE_AUTORELEASING = YES;
				CLANG_WARN_BOOL_CONVERSION = YES;
				CLANG_WARN_COMMA = YES;
				CLANG_WARN_CONSTANT_CONVERSION = YES;
				CLANG_WARN_DEPRECATED_OBJC_IMPLEMENTATIONS = YES;
				CLANG_WARN_DIRECT_OBJC_ISA_USAGE = YES_ERROR;
				CLANG_WARN_DOCUMENTATION_COMMENTS = YES;
				CLANG_WARN_EMPTY_BODY = YES;
				CLANG_WARN_ENUM_CONVERSION = YES;
				CLANG_WARN_INFINITE_RECURSION = YES;
				CLANG_WARN_INT_CONVERSION = YES;
				CLANG_WARN_NON_LITERAL_NULL_CONVERSION = YES;
				CLANG_WARN_OBJC_IMPLICIT_RETAIN_SELF = YES;
				CLANG_WARN_OBJC_LITERAL_CONVERSION = YES;
				CLANG_WARN_OBJC_ROOT_CLASS = YES_ERROR;
				CLANG_WARN_QUOTED_INCLUDE_IN_FRAMEWORK_HEADER = YES;
				CLANG_WARN_RANGE_LOOP_ANALYSIS = YES;
				CLANG_WARN_STRICT_PROTOTYPES = YES;
				CLANG_WARN_SUSPICIOUS_MOVE = YES;
				CLANG_WARN_UNGUARDED_AVAILABILITY = YES_AGGRESSIVE;
				CLANG_WARN_UNREACHABLE_CODE = YES;
				CLANG_WARN__DUPLICATE_METHOD_MATCH = YES;
				COPY_PHASE_STRIP = NO;
				DEBUG_INFORMATION_FORMAT = "dwarf-with-dsym";
				ENABLE_NS_ASSERTIONS = NO;
				ENABLE_STRICT_OBJC_MSGSEND = YES;
				GCC_C_LANGUAGE_STANDARD = gnu11;
				GCC_NO_COMMON_BLOCKS = YES;
				GCC_WARN_64_TO_32_BIT_CONVERSION = YES;
				GCC_WARN_ABOUT_RETURN_TYPE = YES_ERROR;
				GCC_WARN_UNDECLARED_SELECTOR = YES;
				GCC_WARN_UNINITIALIZED_AUTOS = YES_AGGRESSIVE;
				GCC_WARN_UNUSED_FUNCTION = YES;
				GCC_WARN_UNUSED_VARIABLE = YES;
				IPHONEOS_DEPLOYMENT_TARGET = 13.0;
				MTL_ENABLE_DEBUG_INFO = NO;
				MTL_FAST_MATH = YES;
				SDKROOT = iphoneos;
				SWIFT_COMPILATION_MODE = wholemodule;
				SWIFT_OPTIMIZATION_LEVEL = "-O";
				VALIDATE_PRODUCT = YES;
			};
			name = Release;
		};
		DBD1437B26C0051A00A39F8E /* Debug */ = {
			isa = XCBuildConfiguration;
			buildSettings = {
				ASSETCATALOG_COMPILER_APPICON_NAME = AppIcon;
				ASSETCATALOG_COMPILER_GLOBAL_ACCENT_COLOR_NAME = AccentColor;
				CODE_SIGN_STYLE = Automatic;
				DEVELOPMENT_TEAM = WVLV77R6X7;
				INFOPLIST_FILE = CalendarView/SupportingFiles/Info.plist;
				LD_RUNPATH_SEARCH_PATHS = (
					"$(inherited)",
					"@executable_path/Frameworks",
				);
				PRODUCT_BUNDLE_IDENTIFIER = com.hyunsu.park.CalendarView;
				PRODUCT_NAME = "$(TARGET_NAME)";
				SWIFT_VERSION = 5.0;
				TARGETED_DEVICE_FAMILY = "1,2";
			};
			name = Debug;
		};
		DBD1437C26C0051A00A39F8E /* Release */ = {
			isa = XCBuildConfiguration;
			buildSettings = {
				ASSETCATALOG_COMPILER_APPICON_NAME = AppIcon;
				ASSETCATALOG_COMPILER_GLOBAL_ACCENT_COLOR_NAME = AccentColor;
				CODE_SIGN_STYLE = Automatic;
				DEVELOPMENT_TEAM = WVLV77R6X7;
				INFOPLIST_FILE = CalendarView/SupportingFiles/Info.plist;
				LD_RUNPATH_SEARCH_PATHS = (
					"$(inherited)",
					"@executable_path/Frameworks",
				);
				PRODUCT_BUNDLE_IDENTIFIER = com.hyunsu.park.CalendarView;
				PRODUCT_NAME = "$(TARGET_NAME)";
				SWIFT_VERSION = 5.0;
				TARGETED_DEVICE_FAMILY = "1,2";
			};
			name = Release;
		};
/* End XCBuildConfiguration section */

/* Begin XCConfigurationList section */
		DBD1436126C0051900A39F8E /* Build configuration list for PBXProject "CalendarView" */ = {
			isa = XCConfigurationList;
			buildConfigurations = (
				DBD1437826C0051A00A39F8E /* Debug */,
				DBD1437926C0051A00A39F8E /* Release */,
			);
			defaultConfigurationIsVisible = 0;
			defaultConfigurationName = Release;
		};
		DBD1437A26C0051A00A39F8E /* Build configuration list for PBXNativeTarget "CalendarView" */ = {
			isa = XCConfigurationList;
			buildConfigurations = (
				DBD1437B26C0051A00A39F8E /* Debug */,
				DBD1437C26C0051A00A39F8E /* Release */,
			);
			defaultConfigurationIsVisible = 0;
			defaultConfigurationName = Release;
		};
/* End XCConfigurationList section */
	};
	rootObject = DBD1435E26C0051900A39F8E /* Project object */;
}
